
Microsoft Visual Studio Solution File, Format Version 12.00
# Visual Studio Version 17
VisualStudioVersion = 17.10.35013.160
MinimumVisualStudioVersion = 10.0.40219.1
Project("{9A19103F-16F7-4668-BE54-9A1E7A4F7556}") = "GerenciadorTarefas.Api", "GerenciadorTarefas\GerenciadorTarefas.Api.csproj", "{6A170F35-BB74-4896-8F0C-7BCA1BB7C079}"
EndProject
Project("{9A19103F-16F7-4668-BE54-9A1E7A4F7556}") = "GerenciadorTarefas.Domain", "GerenciadorTarefas.Domain\GerenciadorTarefas.Domain.csproj", "{E85100CC-0628-4963-A9E9-BDA04045FFA7}"
EndProject
Project("{9A19103F-16F7-4668-BE54-9A1E7A4F7556}") = "GerenciadorTarefas.Application", "GerenciadorTarefas.Application\GerenciadorTarefas.Application.csproj", "{3EAF2F0B-CB7B-4807-8718-538D88AB45E2}"
EndProject
Project("{9A19103F-16F7-4668-BE54-9A1E7A4F7556}") = "GerenciadorTarefas.Infrastructure", "GerenciadorTarefas.Infrastructure\GerenciadorTarefas.Infrastructure.csproj", "{EEDFB2FA-4935-4533-AFF4-8807BBC20536}"
EndProject
Project("{9A19103F-16F7-4668-BE54-9A1E7A4F7556}") = "GerenciadorTarefas.Presentation", "GerenciadorTarefas.Presentation\GerenciadorTarefas.Presentation.csproj", "{631E373E-FAE9-4AE6-99EF-CACBF7E48890}"
EndProject
Project("{2150E333-8FDC-42A3-9474-1A3956D46DE8}") = "Solution Items", "Solution Items", "{0020FE6B-114C-43B7-A7E1-D93107D07F71}"
	ProjectSection(SolutionItems) = preProject
		.env = .env
	EndProjectSection
EndProject
Global
	GlobalSection(SolutionConfigurationPlatforms) = preSolution
		Debug|Any CPU = Debug|Any CPU
		Release|Any CPU = Release|Any CPU
	EndGlobalSection
	GlobalSection(ProjectConfigurationPlatforms) = postSolution
		{6A170F35-BB74-4896-8F0C-7BCA1BB7C079}.Debug|Any CPU.ActiveCfg = Debug|Any CPU
		{6A170F35-BB74-4896-8F0C-7BCA1BB7C079}.Debug|Any CPU.Build.0 = Debug|Any CPU
		{6A170F35-BB74-4896-8F0C-7BCA1BB7C079}.Release|Any CPU.ActiveCfg = Release|Any CPU
		{6A170F35-BB74-4896-8F0C-7BCA1BB7C079}.Release|Any CPU.Build.0 = Release|Any CPU
		{E85100CC-0628-4963-A9E9-BDA04045FFA7}.Debug|Any CPU.ActiveCfg = Debug|Any CPU
		{E85100CC-0628-4963-A9E9-BDA04045FFA7}.Debug|Any CPU.Build.0 = Debug|Any CPU
		{E85100CC-0628-4963-A9E9-BDA04045FFA7}.Release|Any CPU.ActiveCfg = Release|Any CPU
		{E85100CC-0628-4963-A9E9-BDA04045FFA7}.Release|Any CPU.Build.0 = Release|Any CPU
		{3EAF2F0B-CB7B-4807-8718-538D88AB45E2}.Debug|Any CPU.ActiveCfg = Debug|Any CPU
		{3EAF2F0B-CB7B-4807-8718-538D88AB45E2}.Debug|Any CPU.Build.0 = Debug|Any CPU
		{3EAF2F0B-CB7B-4807-8718-538D88AB45E2}.Release|Any CPU.ActiveCfg = Release|Any CPU
		{3EAF2F0B-CB7B-4807-8718-538D88AB45E2}.Release|Any CPU.Build.0 = Release|Any CPU
		{EEDFB2FA-4935-4533-AFF4-8807BBC20536}.Debug|Any CPU.ActiveCfg = Debug|Any CPU
		{EEDFB2FA-4935-4533-AFF4-8807BBC20536}.Debug|Any CPU.Build.0 = Debug|Any CPU
		{EEDFB2FA-4935-4533-AFF4-8807BBC20536}.Release|Any CPU.ActiveCfg = Release|Any CPU
		{EEDFB2FA-4935-4533-AFF4-8807BBC20536}.Release|Any CPU.Build.0 = Release|Any CPU
		{631E373E-FAE9-4AE6-99EF-CACBF7E48890}.Debug|Any CPU.ActiveCfg = Debug|Any CPU
		{631E373E-FAE9-4AE6-99EF-CACBF7E48890}.Debug|Any CPU.Build.0 = Debug|Any CPU
		{631E373E-FAE9-4AE6-99EF-CACBF7E48890}.Release|Any CPU.ActiveCfg = Release|Any CPU
		{631E373E-FAE9-4AE6-99EF-CACBF7E48890}.Release|Any CPU.Build.0 = Release|Any CPU
	EndGlobalSection
	GlobalSection(SolutionProperties) = preSolution
		HideSolutionNode = FALSE
	EndGlobalSection
	GlobalSection(ExtensibilityGlobals) = postSolution
		SolutionGuid = {9642C8D0-A29D-4DDE-ADED-85300E73D14A}
	EndGlobalSection
EndGlobal
